
Microsoft Visual Studio Solution File, Format Version 12.00
# Visual Studio Version 17
VisualStudioVersion = 17.5.33516.290
MinimumVisualStudioVersion = 10.0.40219.1
Project("{FAE04EC0-301F-11D3-BF4B-00C04F79EFBC}") = "csharp-biblioteca", "csharp-biblioteca.csproj", "{8721EA65-5392-4EE6-8D79-93B0D28AC22B}"
EndProject
Global
	GlobalSection(SolutionConfigurationPlatforms) = preSolution
		Debug|Any CPU = Debug|Any CPU
		Release|Any CPU = Release|Any CPU
	EndGlobalSection
	GlobalSection(ProjectConfigurationPlatforms) = postSolution
		{8721EA65-5392-4EE6-8D79-93B0D28AC22B}.Debug|Any CPU.ActiveCfg = Debug|Any CPU
		{8721EA65-5392-4EE6-8D79-93B0D28AC22B}.Debug|Any CPU.Build.0 = Debug|Any CPU
		{8721EA65-5392-4EE6-8D79-93B0D28AC22B}.Release|Any CPU.ActiveCfg = Release|Any CPU
		{8721EA65-5392-4EE6-8D79-93B0D28AC22B}.Release|Any CPU.Build.0 = Release|Any CPU
	EndGlobalSection
	GlobalSection(SolutionProperties) = preSolution
		HideSolutionNode = FALSE
	EndGlobalSection
	GlobalSection(ExtensibilityGlobals) = postSolution
		SolutionGuid = {290E2588-66EF-4783-BDA2-3859F4573298}
	EndGlobalSection
EndGlobal
